
Microsoft Visual Studio Solution File, Format Version 12.00
# Visual Studio Version 16
VisualStudioVersion = 25.0.1703.0
MinimumVisualStudioVersion = 10.0.40219.1
Project("{FAE04EC0-301F-11D3-BF4B-00C04F79EFBC}") = "LearningCSharp", "LearningCSharp\LearningCSharp.csproj", "{8247F34C-2220-4419-8D78-982A26DFD01B}"
EndProject
Global
	GlobalSection(SolutionConfigurationPlatforms) = preSolution
		Debug|Any CPU = Debug|Any CPU
		Release|Any CPU = Release|Any CPU
	EndGlobalSection
	GlobalSection(ProjectConfigurationPlatforms) = postSolution
		{8247F34C-2220-4419-8D78-982A26DFD01B}.Debug|Any CPU.ActiveCfg = Debug|Any CPU
		{8247F34C-2220-4419-8D78-982A26DFD01B}.Debug|Any CPU.Build.0 = Debug|Any CPU
		{8247F34C-2220-4419-8D78-982A26DFD01B}.Release|Any CPU.ActiveCfg = Release|Any CPU
		{8247F34C-2220-4419-8D78-982A26DFD01B}.Release|Any CPU.Build.0 = Release|Any CPU
	EndGlobalSection
	GlobalSection(SolutionProperties) = preSolution
		HideSolutionNode = FALSE
	EndGlobalSection
	GlobalSection(ExtensibilityGlobals) = postSolution
		SolutionGuid = {44CF4744-7FAC-45A3-99FA-755C0E51A77D}
	EndGlobalSection
EndGlobal
